
Microsoft Visual Studio Solution File, Format Version 12.00
# Visual Studio 15
VisualStudioVersion = 15.0.28010.2048
MinimumVisualStudioVersion = 10.0.40219.1
Project("{9A19103F-16F7-4668-BE54-9A1E7A4F7556}") = "CityInfo.API", "CityInfo.API\CityInfo.API.csproj", "{F4914E84-A03D-4DD2-940D-603EBC221DD6}"
EndProject
Project("{9A19103F-16F7-4668-BE54-9A1E7A4F7556}") = "CityInfo.UnitTests", "CityInfo.UnitTests\CityInfo.UnitTests.csproj", "{0F24E7E8-2E14-4871-8BF9-5C405BB32AD1}"
EndProject
Project("{9A19103F-16F7-4668-BE54-9A1E7A4F7556}") = "CityInfo.Infrastructure", "CityInfo.Infrastructure\CityInfo.Infrastructure.csproj", "{3659ED4A-934C-44A4-AAD0-0B5A2989177F}"
EndProject
Global
	GlobalSection(SolutionConfigurationPlatforms) = preSolution
		Debug|Any CPU = Debug|Any CPU
		Release|Any CPU = Release|Any CPU
	EndGlobalSection
	GlobalSection(ProjectConfigurationPlatforms) = postSolution
		{F4914E84-A03D-4DD2-940D-603EBC221DD6}.Debug|Any CPU.ActiveCfg = Debug|Any CPU
		{F4914E84-A03D-4DD2-940D-603EBC221DD6}.Debug|Any CPU.Build.0 = Debug|Any CPU
		{F4914E84-A03D-4DD2-940D-603EBC221DD6}.Release|Any CPU.ActiveCfg = Release|Any CPU
		{F4914E84-A03D-4DD2-940D-603EBC221DD6}.Release|Any CPU.Build.0 = Release|Any CPU
		{0F24E7E8-2E14-4871-8BF9-5C405BB32AD1}.Debug|Any CPU.ActiveCfg = Debug|Any CPU
		{0F24E7E8-2E14-4871-8BF9-5C405BB32AD1}.Debug|Any CPU.Build.0 = Debug|Any CPU
		{0F24E7E8-2E14-4871-8BF9-5C405BB32AD1}.Release|Any CPU.ActiveCfg = Release|Any CPU
		{0F24E7E8-2E14-4871-8BF9-5C405BB32AD1}.Release|Any CPU.Build.0 = Release|Any CPU
		{3659ED4A-934C-44A4-AAD0-0B5A2989177F}.Debug|Any CPU.ActiveCfg = Debug|Any CPU
		{3659ED4A-934C-44A4-AAD0-0B5A2989177F}.Debug|Any CPU.Build.0 = Debug|Any CPU
		{3659ED4A-934C-44A4-AAD0-0B5A2989177F}.Release|Any CPU.ActiveCfg = Release|Any CPU
		{3659ED4A-934C-44A4-AAD0-0B5A2989177F}.Release|Any CPU.Build.0 = Release|Any CPU
	EndGlobalSection
	GlobalSection(SolutionProperties) = preSolution
		HideSolutionNode = FALSE
	EndGlobalSection
	GlobalSection(ExtensibilityGlobals) = postSolution
		SolutionGuid = {440DE620-4F20-4ABE-B42D-54E01338EBD3}
	EndGlobalSection
EndGlobal
